
Microsoft Visual Studio Solution File, Format Version 12.00
# Visual Studio Version 16
VisualStudioVersion = 16.0.31515.178
MinimumVisualStudioVersion = 10.0.40219.1
Project("{FAE04EC0-301F-11D3-BF4B-00C04F79EFBC}") = "Matter1-6", "Matter1-6\Matter1-6.csproj", "{3A903FEE-572C-4F43-B70E-0CC4D06F4D8D}"
EndProject
Global
	GlobalSection(SolutionConfigurationPlatforms) = preSolution
		Debug|Any CPU = Debug|Any CPU
		Release|Any CPU = Release|Any CPU
	EndGlobalSection
	GlobalSection(ProjectConfigurationPlatforms) = postSolution
		{3A903FEE-572C-4F43-B70E-0CC4D06F4D8D}.Debug|Any CPU.ActiveCfg = Debug|Any CPU
		{3A903FEE-572C-4F43-B70E-0CC4D06F4D8D}.Debug|Any CPU.Build.0 = Debug|Any CPU
		{3A903FEE-572C-4F43-B70E-0CC4D06F4D8D}.Release|Any CPU.ActiveCfg = Release|Any CPU
		{3A903FEE-572C-4F43-B70E-0CC4D06F4D8D}.Release|Any CPU.Build.0 = Release|Any CPU
	EndGlobalSection
	GlobalSection(SolutionProperties) = preSolution
		HideSolutionNode = FALSE
	EndGlobalSection
	GlobalSection(ExtensibilityGlobals) = postSolution
		SolutionGuid = {5E2F1E8A-F1E7-4DE0-8F59-0E510D847167}
	EndGlobalSection
EndGlobal
