
Microsoft Visual Studio Solution File, Format Version 12.00
# Visual Studio Version 16
VisualStudioVersion = 16.0.31515.178
MinimumVisualStudioVersion = 10.0.40219.1
Project("{FAE04EC0-301F-11D3-BF4B-00C04F79EFBC}") = "Matter1-3", "Matter1-3\Matter1-3.csproj", "{4FEB5209-A963-453B-9905-D1DE56811B76}"
EndProject
Global
	GlobalSection(SolutionConfigurationPlatforms) = preSolution
		Debug|Any CPU = Debug|Any CPU
		Release|Any CPU = Release|Any CPU
	EndGlobalSection
	GlobalSection(ProjectConfigurationPlatforms) = postSolution
		{4FEB5209-A963-453B-9905-D1DE56811B76}.Debug|Any CPU.ActiveCfg = Debug|Any CPU
		{4FEB5209-A963-453B-9905-D1DE56811B76}.Debug|Any CPU.Build.0 = Debug|Any CPU
		{4FEB5209-A963-453B-9905-D1DE56811B76}.Release|Any CPU.ActiveCfg = Release|Any CPU
		{4FEB5209-A963-453B-9905-D1DE56811B76}.Release|Any CPU.Build.0 = Release|Any CPU
	EndGlobalSection
	GlobalSection(SolutionProperties) = preSolution
		HideSolutionNode = FALSE
	EndGlobalSection
	GlobalSection(ExtensibilityGlobals) = postSolution
		SolutionGuid = {451885C4-BC1E-4B3F-B827-A1150AE22A48}
	EndGlobalSection
EndGlobal
